// !$*UTF8*$!
{
	archiveVersion = 1;
	classes = {
	};
	objectVersion = 55;
	objects = {

/* Begin PBXBuildFile section */
		61030A0E290841BB007BEF5A /* ViewModels in Frameworks */ = {isa = PBXBuildFile; productRef = 61030A0D290841BB007BEF5A /* ViewModels */; };
		61030A112908444D007BEF5A /* Repositories in Frameworks */ = {isa = PBXBuildFile; productRef = 61030A102908444D007BEF5A /* Repositories */; };
		610A3CAC28EF15AB00C8C4D1 /* TravelAdvisoriesNavHost.swift in Sources */ = {isa = PBXBuildFile; fileRef = 610A3CAB28EF15AB00C8C4D1 /* TravelAdvisoriesNavHost.swift */; };
		610A3CAD28EF15AB00C8C4D1 /* TravelAdvisoriesNavHost.swift in Sources */ = {isa = PBXBuildFile; fileRef = 610A3CAB28EF15AB00C8C4D1 /* TravelAdvisoriesNavHost.swift */; };
		610A3CAF28EF16E000C8C4D1 /* Feature in Frameworks */ = {isa = PBXBuildFile; productRef = 610A3CAE28EF16E000C8C4D1 /* Feature */; };
		613871B0290849A000FA9C38 /* Logic in Frameworks */ = {isa = PBXBuildFile; productRef = 613871AF290849A000FA9C38 /* Logic */; };
		61A7892728D6625F009170DF /* BusinessLogic in Frameworks */ = {isa = PBXBuildFile; productRef = 61A7892628D6625F009170DF /* BusinessLogic */; };
		61A7892928D6625F009170DF /* DomainModels in Frameworks */ = {isa = PBXBuildFile; productRef = 61A7892828D6625F009170DF /* DomainModels */; };
		61A7892B28D6625F009170DF /* Interfaces in Frameworks */ = {isa = PBXBuildFile; productRef = 61A7892A28D6625F009170DF /* Interfaces */; };
		61A7892D28D6625F009170DF /* UIComponents in Frameworks */ = {isa = PBXBuildFile; productRef = 61A7892C28D6625F009170DF /* UIComponents */; };
		61A7892F28D6625F009170DF /* Utils in Frameworks */ = {isa = PBXBuildFile; productRef = 61A7892E28D6625F009170DF /* Utils */; };
		61A7893228D7453C009170DF /* NetworkLogic in Frameworks */ = {isa = PBXBuildFile; productRef = 61A7893128D7453C009170DF /* NetworkLogic */; };
		61C9EED828CD3A9500ACDF3E /* Tests_iOS.swift in Sources */ = {isa = PBXBuildFile; fileRef = 61C9EED728CD3A9500ACDF3E /* Tests_iOS.swift */; };
		61C9EEDA28CD3A9500ACDF3E /* Tests_iOSLaunchTests.swift in Sources */ = {isa = PBXBuildFile; fileRef = 61C9EED928CD3A9500ACDF3E /* Tests_iOSLaunchTests.swift */; };
		61C9EEE428CD3A9500ACDF3E /* Tests_macOS.swift in Sources */ = {isa = PBXBuildFile; fileRef = 61C9EEE328CD3A9500ACDF3E /* Tests_macOS.swift */; };
		61C9EEE628CD3A9500ACDF3E /* Tests_macOSLaunchTests.swift in Sources */ = {isa = PBXBuildFile; fileRef = 61C9EEE528CD3A9500ACDF3E /* Tests_macOSLaunchTests.swift */; };
		61C9EEE728CD3A9500ACDF3E /* TravelAdvisoriesApp.swift in Sources */ = {isa = PBXBuildFile; fileRef = 61C9EEBF28CD3A9400ACDF3E /* TravelAdvisoriesApp.swift */; };
		61C9EEE828CD3A9500ACDF3E /* TravelAdvisoriesApp.swift in Sources */ = {isa = PBXBuildFile; fileRef = 61C9EEBF28CD3A9400ACDF3E /* TravelAdvisoriesApp.swift */; };
		61C9EEE928CD3A9500ACDF3E /* ContentView.swift in Sources */ = {isa = PBXBuildFile; fileRef = 61C9EEC028CD3A9400ACDF3E /* ContentView.swift */; };
		61C9EEEA28CD3A9500ACDF3E /* ContentView.swift in Sources */ = {isa = PBXBuildFile; fileRef = 61C9EEC028CD3A9400ACDF3E /* ContentView.swift */; };
		61C9EEEB28CD3A9500ACDF3E /* Assets.xcassets in Resources */ = {isa = PBXBuildFile; fileRef = 61C9EEC128CD3A9500ACDF3E /* Assets.xcassets */; };
		61C9EEEC28CD3A9500ACDF3E /* Assets.xcassets in Resources */ = {isa = PBXBuildFile; fileRef = 61C9EEC128CD3A9500ACDF3E /* Assets.xcassets */; };
/* End PBXBuildFile section */

/* Begin PBXContainerItemProxy section */
		61C9EED428CD3A9500ACDF3E /* PBXContainerItemProxy */ = {
			isa = PBXContainerItemProxy;
			containerPortal = 61C9EEBA28CD3A9400ACDF3E /* Project object */;
			proxyType = 1;
			remoteGlobalIDString = 61C9EEC528CD3A9500ACDF3E;
			remoteInfo = "DemoApp (iOS)";
		};
		61C9EEE028CD3A9500ACDF3E /* PBXContainerItemProxy */ = {
			isa = PBXContainerItemProxy;
			containerPortal = 61C9EEBA28CD3A9400ACDF3E /* Project object */;
			proxyType = 1;
			remoteGlobalIDString = 61C9EECB28CD3A9500ACDF3E;
			remoteInfo = "DemoApp (macOS)";
		};
/* End PBXContainerItemProxy section */

/* Begin PBXFileReference section */
		61030A0C2908372B007BEF5A /* ViewModels */ = {isa = PBXFileReference; lastKnownFileType = wrapper; name = ViewModels; path = ../../ViewModels; sourceTree = "<group>"; };
		61030A0F29084445007BEF5A /* Repositories */ = {isa = PBXFileReference; lastKnownFileType = wrapper; name = Repositories; path = ../Repositories; sourceTree = "<group>"; };
		610A3CAB28EF15AB00C8C4D1 /* TravelAdvisoriesNavHost.swift */ = {isa = PBXFileReference; lastKnownFileType = sourcecode.swift; path = TravelAdvisoriesNavHost.swift; sourceTree = "<group>"; };
		610A3CB028EF195E00C8C4D1 /* Feature */ = {isa = PBXFileReference; lastKnownFileType = wrapper; name = Feature; path = ../Feature; sourceTree = "<group>"; };
		613871AE2908496E00FA9C38 /* Logic */ = {isa = PBXFileReference; lastKnownFileType = wrapper; name = Logic; path = ../../Logic; sourceTree = "<group>"; };
		61A7892128D6620F009170DF /* Interfaces */ = {isa = PBXFileReference; lastKnownFileType = wrapper; name = Interfaces; path = ../Interfaces; sourceTree = "<group>"; };
		61A7892228D66219009170DF /* Utils */ = {isa = PBXFileReference; lastKnownFileType = wrapper; name = Utils; path = ../Utils; sourceTree = "<group>"; };
		61A7892328D66227009170DF /* UIComponents */ = {isa = PBXFileReference; lastKnownFileType = wrapper; name = UIComponents; path = ../UIComponents; sourceTree = "<group>"; };
		61A7892428D66231009170DF /* BusinessLogic */ = {isa = PBXFileReference; lastKnownFileType = wrapper; name = BusinessLogic; path = ../BusinessLogic; sourceTree = "<group>"; };
		61A7892528D6623A009170DF /* DomainModels */ = {isa = PBXFileReference; lastKnownFileType = wrapper; name = DomainModels; path = ../DomainModels; sourceTree = "<group>"; };
		61C9EEBF28CD3A9400ACDF3E /* TravelAdvisoriesApp.swift */ = {isa = PBXFileReference; lastKnownFileType = sourcecode.swift; path = TravelAdvisoriesApp.swift; sourceTree = "<group>"; };
		61C9EEC028CD3A9400ACDF3E /* ContentView.swift */ = {isa = PBXFileReference; lastKnownFileType = sourcecode.swift; path = ContentView.swift; sourceTree = "<group>"; };
		61C9EEC128CD3A9500ACDF3E /* Assets.xcassets */ = {isa = PBXFileReference; lastKnownFileType = folder.assetcatalog; path = Assets.xcassets; sourceTree = "<group>"; };
		61C9EEC628CD3A9500ACDF3E /* TravelAdvisories.app */ = {isa = PBXFileReference; explicitFileType = wrapper.application; includeInIndex = 0; path = TravelAdvisories.app; sourceTree = BUILT_PRODUCTS_DIR; };
		61C9EECC28CD3A9500ACDF3E /* TravelAdvisories.app */ = {isa = PBXFileReference; explicitFileType = wrapper.application; includeInIndex = 0; path = TravelAdvisories.app; sourceTree = BUILT_PRODUCTS_DIR; };
		61C9EECE28CD3A9500ACDF3E /* macOS.entitlements */ = {isa = PBXFileReference; lastKnownFileType = text.plist.entitlements; path = macOS.entitlements; sourceTree = "<group>"; };
		61C9EED328CD3A9500ACDF3E /* Tests iOS.xctest */ = {isa = PBXFileReference; explicitFileType = wrapper.cfbundle; includeInIndex = 0; path = "Tests iOS.xctest"; sourceTree = BUILT_PRODUCTS_DIR; };
		61C9EED728CD3A9500ACDF3E /* Tests_iOS.swift */ = {isa = PBXFileReference; lastKnownFileType = sourcecode.swift; path = Tests_iOS.swift; sourceTree = "<group>"; };
		61C9EED928CD3A9500ACDF3E /* Tests_iOSLaunchTests.swift */ = {isa = PBXFileReference; lastKnownFileType = sourcecode.swift; path = Tests_iOSLaunchTests.swift; sourceTree = "<group>"; };
		61C9EEDF28CD3A9500ACDF3E /* Tests macOS.xctest */ = {isa = PBXFileReference; explicitFileType = wrapper.cfbundle; includeInIndex = 0; path = "Tests macOS.xctest"; sourceTree = BUILT_PRODUCTS_DIR; };
		61C9EEE328CD3A9500ACDF3E /* Tests_macOS.swift */ = {isa = PBXFileReference; lastKnownFileType = sourcecode.swift; path = Tests_macOS.swift; sourceTree = "<group>"; };
		61C9EEE528CD3A9500ACDF3E /* Tests_macOSLaunchTests.swift */ = {isa = PBXFileReference; lastKnownFileType = sourcecode.swift; path = Tests_macOSLaunchTests.swift; sourceTree = "<group>"; };
/* End PBXFileReference section */

/* Begin PBXFrameworksBuildPhase section */
		61C9EEC328CD3A9500ACDF3E /* Frameworks */ = {
			isa = PBXFrameworksBuildPhase;
			buildActionMask = 2147483647;
			files = (
				61A7893228D7453C009170DF /* NetworkLogic in Frameworks */,
				61030A0E290841BB007BEF5A /* ViewModels in Frameworks */,
				61A7892D28D6625F009170DF /* UIComponents in Frameworks */,
				61030A112908444D007BEF5A /* Repositories in Frameworks */,
				61A7892928D6625F009170DF /* DomainModels in Frameworks */,
				613871B0290849A000FA9C38 /* Logic in Frameworks */,
				610A3CAF28EF16E000C8C4D1 /* Feature in Frameworks */,
				61A7892F28D6625F009170DF /* Utils in Frameworks */,
				61A7892B28D6625F009170DF /* Interfaces in Frameworks */,
				61A7892728D6625F009170DF /* BusinessLogic in Frameworks */,
			);
			runOnlyForDeploymentPostprocessing = 0;
		};
		61C9EEC928CD3A9500ACDF3E /* Frameworks */ = {
			isa = PBXFrameworksBuildPhase;
			buildActionMask = 2147483647;
			files = (
			);
			runOnlyForDeploymentPostprocessing = 0;
		};
		61C9EED028CD3A9500ACDF3E /* Frameworks */ = {
			isa = PBXFrameworksBuildPhase;
			buildActionMask = 2147483647;
			files = (
			);
			runOnlyForDeploymentPostprocessing = 0;
		};
		61C9EEDC28CD3A9500ACDF3E /* Frameworks */ = {
			isa = PBXFrameworksBuildPhase;
			buildActionMask = 2147483647;
			files = (
			);
			runOnlyForDeploymentPostprocessing = 0;
		};
/* End PBXFrameworksBuildPhase section */

/* Begin PBXGroup section */
		61A7890928D6557B009170DF /* Packages */ = {
			isa = PBXGroup;
			children = (
				613871AE2908496E00FA9C38 /* Logic */,
				61030A0C2908372B007BEF5A /* ViewModels */,
				61A7892128D6620F009170DF /* Interfaces */,
				61A7892228D66219009170DF /* Utils */,
				61A7892328D66227009170DF /* UIComponents */,
				61A7892428D66231009170DF /* BusinessLogic */,
				61030A0F29084445007BEF5A /* Repositories */,
				61A7892528D6623A009170DF /* DomainModels */,
				610A3CB028EF195E00C8C4D1 /* Feature */,
			);
			name = Packages;
			sourceTree = "<group>";
		};
		61A7890C28D655D2009170DF /* Frameworks */ = {
			isa = PBXGroup;
			children = (
			);
			name = Frameworks;
			sourceTree = "<group>";
		};
		61C9EEB928CD3A9400ACDF3E = {
			isa = PBXGroup;
			children = (
				61A7890928D6557B009170DF /* Packages */,
				61C9EEBE28CD3A9400ACDF3E /* Shared */,
				61C9EECD28CD3A9500ACDF3E /* macOS */,
				61C9EED628CD3A9500ACDF3E /* Tests iOS */,
				61C9EEE228CD3A9500ACDF3E /* Tests macOS */,
				61C9EEC728CD3A9500ACDF3E /* Products */,
				61A7890C28D655D2009170DF /* Frameworks */,
			);
			sourceTree = "<group>";
		};
		61C9EEBE28CD3A9400ACDF3E /* Shared */ = {
			isa = PBXGroup;
			children = (
				61C9EEBF28CD3A9400ACDF3E /* TravelAdvisoriesApp.swift */,
				61C9EEC028CD3A9400ACDF3E /* ContentView.swift */,
				61C9EEC128CD3A9500ACDF3E /* Assets.xcassets */,
				610A3CAB28EF15AB00C8C4D1 /* TravelAdvisoriesNavHost.swift */,
			);
			path = Shared;
			sourceTree = "<group>";
		};
		61C9EEC728CD3A9500ACDF3E /* Products */ = {
			isa = PBXGroup;
			children = (
				61C9EEC628CD3A9500ACDF3E /* TravelAdvisories.app */,
				61C9EECC28CD3A9500ACDF3E /* TravelAdvisories.app */,
				61C9EED328CD3A9500ACDF3E /* Tests iOS.xctest */,
				61C9EEDF28CD3A9500ACDF3E /* Tests macOS.xctest */,
			);
			name = Products;
			sourceTree = "<group>";
		};
		61C9EECD28CD3A9500ACDF3E /* macOS */ = {
			isa = PBXGroup;
			children = (
				61C9EECE28CD3A9500ACDF3E /* macOS.entitlements */,
			);
			path = macOS;
			sourceTree = "<group>";
		};
		61C9EED628CD3A9500ACDF3E /* Tests iOS */ = {
			isa = PBXGroup;
			children = (
				61C9EED728CD3A9500ACDF3E /* Tests_iOS.swift */,
				61C9EED928CD3A9500ACDF3E /* Tests_iOSLaunchTests.swift */,
			);
			path = "Tests iOS";
			sourceTree = "<group>";
		};
		61C9EEE228CD3A9500ACDF3E /* Tests macOS */ = {
			isa = PBXGroup;
			children = (
				61C9EEE328CD3A9500ACDF3E /* Tests_macOS.swift */,
				61C9EEE528CD3A9500ACDF3E /* Tests_macOSLaunchTests.swift */,
			);
			path = "Tests macOS";
			sourceTree = "<group>";
		};
/* End PBXGroup section */

/* Begin PBXNativeTarget section */
		61C9EEC528CD3A9500ACDF3E /* TravelAdvisories (iOS) */ = {
			isa = PBXNativeTarget;
			buildConfigurationList = 61C9EEEF28CD3A9500ACDF3E /* Build configuration list for PBXNativeTarget "TravelAdvisories (iOS)" */;
			buildPhases = (
				61C9EEC228CD3A9500ACDF3E /* Sources */,
				61C9EEC328CD3A9500ACDF3E /* Frameworks */,
				61C9EEC428CD3A9500ACDF3E /* Resources */,
			);
			buildRules = (
			);
			dependencies = (
			);
			name = "TravelAdvisories (iOS)";
			packageProductDependencies = (
				61A7892628D6625F009170DF /* BusinessLogic */,
				61A7892828D6625F009170DF /* DomainModels */,
				61A7892A28D6625F009170DF /* Interfaces */,
				61A7892C28D6625F009170DF /* UIComponents */,
				61A7892E28D6625F009170DF /* Utils */,
				61A7893128D7453C009170DF /* NetworkLogic */,
				610A3CAE28EF16E000C8C4D1 /* Feature */,
				61030A0D290841BB007BEF5A /* ViewModels */,
				61030A102908444D007BEF5A /* Repositories */,
				613871AF290849A000FA9C38 /* Logic */,
			);
			productName = "DemoApp (iOS)";
			productReference = 61C9EEC628CD3A9500ACDF3E /* TravelAdvisories.app */;
			productType = "com.apple.product-type.application";
		};
		61C9EECB28CD3A9500ACDF3E /* TravelAdvisories (macOS) */ = {
			isa = PBXNativeTarget;
			buildConfigurationList = 61C9EEF228CD3A9500ACDF3E /* Build configuration list for PBXNativeTarget "TravelAdvisories (macOS)" */;
			buildPhases = (
				61C9EEC828CD3A9500ACDF3E /* Sources */,
				61C9EEC928CD3A9500ACDF3E /* Frameworks */,
				61C9EECA28CD3A9500ACDF3E /* Resources */,
			);
			buildRules = (
			);
			dependencies = (
			);
			name = "TravelAdvisories (macOS)";
			productName = "DemoApp (macOS)";
			productReference = 61C9EECC28CD3A9500ACDF3E /* TravelAdvisories.app */;
			productType = "com.apple.product-type.application";
		};
		61C9EED228CD3A9500ACDF3E /* Tests iOS */ = {
			isa = PBXNativeTarget;
			buildConfigurationList = 61C9EEF528CD3A9500ACDF3E /* Build configuration list for PBXNativeTarget "Tests iOS" */;
			buildPhases = (
				61C9EECF28CD3A9500ACDF3E /* Sources */,
				61C9EED028CD3A9500ACDF3E /* Frameworks */,
				61C9EED128CD3A9500ACDF3E /* Resources */,
			);
			buildRules = (
			);
			dependencies = (
				61C9EED528CD3A9500ACDF3E /* PBXTargetDependency */,
			);
			name = "Tests iOS";
			productName = "Tests iOS";
			productReference = 61C9EED328CD3A9500ACDF3E /* Tests iOS.xctest */;
			productType = "com.apple.product-type.bundle.ui-testing";
		};
		61C9EEDE28CD3A9500ACDF3E /* Tests macOS */ = {
			isa = PBXNativeTarget;
			buildConfigurationList = 61C9EEF828CD3A9500ACDF3E /* Build configuration list for PBXNativeTarget "Tests macOS" */;
			buildPhases = (
				61C9EEDB28CD3A9500ACDF3E /* Sources */,
				61C9EEDC28CD3A9500ACDF3E /* Frameworks */,
				61C9EEDD28CD3A9500ACDF3E /* Resources */,
			);
			buildRules = (
			);
			dependencies = (
				61C9EEE128CD3A9500ACDF3E /* PBXTargetDependency */,
			);
			name = "Tests macOS";
			productName = "Tests macOS";
			productReference = 61C9EEDF28CD3A9500ACDF3E /* Tests macOS.xctest */;
			productType = "com.apple.product-type.bundle.ui-testing";
		};
/* End PBXNativeTarget section */

/* Begin PBXProject section */
		61C9EEBA28CD3A9400ACDF3E /* Project object */ = {
			isa = PBXProject;
			attributes = {
				BuildIndependentTargetsInParallel = 1;
				LastSwiftUpdateCheck = 1340;
				LastUpgradeCheck = 1400;
				TargetAttributes = {
					61C9EEC528CD3A9500ACDF3E = {
						CreatedOnToolsVersion = 13.4.1;
					};
					61C9EECB28CD3A9500ACDF3E = {
						CreatedOnToolsVersion = 13.4.1;
					};
					61C9EED228CD3A9500ACDF3E = {
						CreatedOnToolsVersion = 13.4.1;
						TestTargetID = 61C9EEC528CD3A9500ACDF3E;
					};
					61C9EEDE28CD3A9500ACDF3E = {
						CreatedOnToolsVersion = 13.4.1;
						TestTargetID = 61C9EECB28CD3A9500ACDF3E;
					};
				};
			};
			buildConfigurationList = 61C9EEBD28CD3A9400ACDF3E /* Build configuration list for PBXProject "TravelAdvisories" */;
			compatibilityVersion = "Xcode 13.0";
			developmentRegion = en;
			hasScannedForEncodings = 0;
			knownRegions = (
				en,
				Base,
			);
			mainGroup = 61C9EEB928CD3A9400ACDF3E;
			productRefGroup = 61C9EEC728CD3A9500ACDF3E /* Products */;
			projectDirPath = "";
			projectRoot = "";
			targets = (
				61C9EEC528CD3A9500ACDF3E /* TravelAdvisories (iOS) */,
				61C9EECB28CD3A9500ACDF3E /* TravelAdvisories (macOS) */,
				61C9EED228CD3A9500ACDF3E /* Tests iOS */,
				61C9EEDE28CD3A9500ACDF3E /* Tests macOS */,
			);
		};
/* End PBXProject section */

/* Begin PBXResourcesBuildPhase section */
		61C9EEC428CD3A9500ACDF3E /* Resources */ = {
			isa = PBXResourcesBuildPhase;
			buildActionMask = 2147483647;
			files = (
				61C9EEEB28CD3A9500ACDF3E /* Assets.xcassets in Resources */,
			);
			runOnlyForDeploymentPostprocessing = 0;
		};
		61C9EECA28CD3A9500ACDF3E /* Resources */ = {
			isa = PBXResourcesBuildPhase;
			buildActionMask = 2147483647;
			files = (
				61C9EEEC28CD3A9500ACDF3E /* Assets.xcassets in Resources */,
			);
			runOnlyForDeploymentPostprocessing = 0;
		};
		61C9EED128CD3A9500ACDF3E /* Resources */ = {
			isa = PBXResourcesBuildPhase;
			buildActionMask = 2147483647;
			files = (
			);
			runOnlyForDeploymentPostprocessing = 0;
		};
		61C9EEDD28CD3A9500ACDF3E /* Resources */ = {
			isa = PBXResourcesBuildPhase;
			buildActionMask = 2147483647;
			files = (
			);
			runOnlyForDeploymentPostprocessing = 0;
		};
/* End PBXResourcesBuildPhase section */

/* Begin PBXSourcesBuildPhase section */
		61C9EEC228CD3A9500ACDF3E /* Sources */ = {
			isa = PBXSourcesBuildPhase;
			buildActionMask = 2147483647;
			files = (
				61C9EEE928CD3A9500ACDF3E /* ContentView.swift in Sources */,
				61C9EEE728CD3A9500ACDF3E /* TravelAdvisoriesApp.swift in Sources */,
				610A3CAC28EF15AB00C8C4D1 /* TravelAdvisoriesNavHost.swift in Sources */,
			);
			runOnlyForDeploymentPostprocessing = 0;
		};
		61C9EEC828CD3A9500ACDF3E /* Sources */ = {
			isa = PBXSourcesBuildPhase;
			buildActionMask = 2147483647;
			files = (
				61C9EEEA28CD3A9500ACDF3E /* ContentView.swift in Sources */,
				61C9EEE828CD3A9500ACDF3E /* TravelAdvisoriesApp.swift in Sources */,
				610A3CAD28EF15AB00C8C4D1 /* TravelAdvisoriesNavHost.swift in Sources */,
			);
			runOnlyForDeploymentPostprocessing = 0;
		};
		61C9EECF28CD3A9500ACDF3E /* Sources */ = {
			isa = PBXSourcesBuildPhase;
			buildActionMask = 2147483647;
			files = (
				61C9EEDA28CD3A9500ACDF3E /* Tests_iOSLaunchTests.swift in Sources */,
				61C9EED828CD3A9500ACDF3E /* Tests_iOS.swift in Sources */,
			);
			runOnlyForDeploymentPostprocessing = 0;
		};
		61C9EEDB28CD3A9500ACDF3E /* Sources */ = {
			isa = PBXSourcesBuildPhase;
			buildActionMask = 2147483647;
			files = (
				61C9EEE628CD3A9500ACDF3E /* Tests_macOSLaunchTests.swift in Sources */,
				61C9EEE428CD3A9500ACDF3E /* Tests_macOS.swift in Sources */,
			);
			runOnlyForDeploymentPostprocessing = 0;
		};
/* End PBXSourcesBuildPhase section */

/* Begin PBXTargetDependency section */
		61C9EED528CD3A9500ACDF3E /* PBXTargetDependency */ = {
			isa = PBXTargetDependency;
			target = 61C9EEC528CD3A9500ACDF3E /* TravelAdvisories (iOS) */;
			targetProxy = 61C9EED428CD3A9500ACDF3E /* PBXContainerItemProxy */;
		};
		61C9EEE128CD3A9500ACDF3E /* PBXTargetDependency */ = {
			isa = PBXTargetDependency;
			target = 61C9EECB28CD3A9500ACDF3E /* TravelAdvisories (macOS) */;
			targetProxy = 61C9EEE028CD3A9500ACDF3E /* PBXContainerItemProxy */;
		};
/* End PBXTargetDependency section */

/* Begin XCBuildConfiguration section */
		61C9EEED28CD3A9500ACDF3E /* Debug */ = {
			isa = XCBuildConfiguration;
			buildSettings = {
				ALWAYS_SEARCH_USER_PATHS = NO;
				CLANG_ANALYZER_NONNULL = YES;
				CLANG_ANALYZER_NUMBER_OBJECT_CONVERSION = YES_AGGRESSIVE;
				CLANG_CXX_LANGUAGE_STANDARD = "gnu++17";
				CLANG_ENABLE_MODULES = YES;
				CLANG_ENABLE_OBJC_ARC = YES;
				CLANG_ENABLE_OBJC_WEAK = YES;
				CLANG_WARN_BLOCK_CAPTURE_AUTORELEASING = YES;
				CLANG_WARN_BOOL_CONVERSION = YES;
				CLANG_WARN_COMMA = YES;
				CLANG_WARN_CONSTANT_CONVERSION = YES;
				CLANG_WARN_DEPRECATED_OBJC_IMPLEMENTATIONS = YES;
				CLANG_WARN_DIRECT_OBJC_ISA_USAGE = YES_ERROR;
				CLANG_WARN_DOCUMENTATION_COMMENTS = YES;
				CLANG_WARN_EMPTY_BODY = YES;
				CLANG_WARN_ENUM_CONVERSION = YES;
				CLANG_WARN_INFINITE_RECURSION = YES;
				CLANG_WARN_INT_CONVERSION = YES;
				CLANG_WARN_NON_LITERAL_NULL_CONVERSION = YES;
				CLANG_WARN_OBJC_IMPLICIT_RETAIN_SELF = YES;
				CLANG_WARN_OBJC_LITERAL_CONVERSION = YES;
				CLANG_WARN_OBJC_ROOT_CLASS = YES_ERROR;
				CLANG_WARN_QUOTED_INCLUDE_IN_FRAMEWORK_HEADER = YES;
				CLANG_WARN_RANGE_LOOP_ANALYSIS = YES;
				CLANG_WARN_STRICT_PROTOTYPES = YES;
				CLANG_WARN_SUSPICIOUS_MOVE = YES;
				CLANG_WARN_UNGUARDED_AVAILABILITY = YES_AGGRESSIVE;
				CLANG_WARN_UNREACHABLE_CODE = YES;
				CLANG_WARN__DUPLICATE_METHOD_MATCH = YES;
				COPY_PHASE_STRIP = NO;
				DEAD_CODE_STRIPPING = YES;
				DEBUG_INFORMATION_FORMAT = dwarf;
				ENABLE_STRICT_OBJC_MSGSEND = YES;
				ENABLE_TESTABILITY = YES;
				GCC_C_LANGUAGE_STANDARD = gnu11;
				GCC_DYNAMIC_NO_PIC = NO;
				GCC_NO_COMMON_BLOCKS = YES;
				GCC_OPTIMIZATION_LEVEL = 0;
				GCC_PREPROCESSOR_DEFINITIONS = (
					"DEBUG=1",
					"$(inherited)",
				);
				GCC_WARN_64_TO_32_BIT_CONVERSION = YES;
				GCC_WARN_ABOUT_RETURN_TYPE = YES_ERROR;
				GCC_WARN_UNDECLARED_SELECTOR = YES;
				GCC_WARN_UNINITIALIZED_AUTOS = YES_AGGRESSIVE;
				GCC_WARN_UNUSED_FUNCTION = YES;
				GCC_WARN_UNUSED_VARIABLE = YES;
				MTL_ENABLE_DEBUG_INFO = INCLUDE_SOURCE;
				MTL_FAST_MATH = YES;
				ONLY_ACTIVE_ARCH = YES;
				SWIFT_ACTIVE_COMPILATION_CONDITIONS = DEBUG;
				SWIFT_OPTIMIZATION_LEVEL = "-Onone";
			};
			name = Debug;
		};
		61C9EEEE28CD3A9500ACDF3E /* Release */ = {
			isa = XCBuildConfiguration;
			buildSettings = {
				ALWAYS_SEARCH_USER_PATHS = NO;
				CLANG_ANALYZER_NONNULL = YES;
				CLANG_ANALYZER_NUMBER_OBJECT_CONVERSION = YES_AGGRESSIVE;
				CLANG_CXX_LANGUAGE_STANDARD = "gnu++17";
				CLANG_ENABLE_MODULES = YES;
				CLANG_ENABLE_OBJC_ARC = YES;
				CLANG_ENABLE_OBJC_WEAK = YES;
				CLANG_WARN_BLOCK_CAPTURE_AUTORELEASING = YES;
				CLANG_WARN_BOOL_CONVERSION = YES;
				CLANG_WARN_COMMA = YES;
				CLANG_WARN_CONSTANT_CONVERSION = YES;
				CLANG_WARN_DEPRECATED_OBJC_IMPLEMENTATIONS = YES;
				CLANG_WARN_DIRECT_OBJC_ISA_USAGE = YES_ERROR;
				CLANG_WARN_DOCUMENTATION_COMMENTS = YES;
				CLANG_WARN_EMPTY_BODY = YES;
				CLANG_WARN_ENUM_CONVERSION = YES;
				CLANG_WARN_INFINITE_RECURSION = YES;
				CLANG_WARN_INT_CONVERSION = YES;
				CLANG_WARN_NON_LITERAL_NULL_CONVERSION = YES;
				CLANG_WARN_OBJC_IMPLICIT_RETAIN_SELF = YES;
				CLANG_WARN_OBJC_LITERAL_CONVERSION = YES;
				CLANG_WARN_OBJC_ROOT_CLASS = YES_ERROR;
				CLANG_WARN_QUOTED_INCLUDE_IN_FRAMEWORK_HEADER = YES;
				CLANG_WARN_RANGE_LOOP_ANALYSIS = YES;
				CLANG_WARN_STRICT_PROTOTYPES = YES;
				CLANG_WARN_SUSPICIOUS_MOVE = YES;
				CLANG_WARN_UNGUARDED_AVAILABILITY = YES_AGGRESSIVE;
				CLANG_WARN_UNREACHABLE_CODE = YES;
				CLANG_WARN__DUPLICATE_METHOD_MATCH = YES;
				COPY_PHASE_STRIP = NO;
				DEAD_CODE_STRIPPING = YES;
				DEBUG_INFORMATION_FORMAT = "dwarf-with-dsym";
				ENABLE_NS_ASSERTIONS = NO;
				ENABLE_STRICT_OBJC_MSGSEND = YES;
				GCC_C_LANGUAGE_STANDARD = gnu11;
				GCC_NO_COMMON_BLOCKS = YES;
				GCC_WARN_64_TO_32_BIT_CONVERSION = YES;
				GCC_WARN_ABOUT_RETURN_TYPE = YES_ERROR;
				GCC_WARN_UNDECLARED_SELECTOR = YES;
				GCC_WARN_UNINITIALIZED_AUTOS = YES_AGGRESSIVE;
				GCC_WARN_UNUSED_FUNCTION = YES;
				GCC_WARN_UNUSED_VARIABLE = YES;
				MTL_ENABLE_DEBUG_INFO = NO;
				MTL_FAST_MATH = YES;
				SWIFT_COMPILATION_MODE = wholemodule;
				SWIFT_OPTIMIZATION_LEVEL = "-O";
			};
			name = Release;
		};
		61C9EEF028CD3A9500ACDF3E /* Debug */ = {
			isa = XCBuildConfiguration;
			buildSettings = {
				ASSETCATALOG_COMPILER_APPICON_NAME = AppIcon;
				ASSETCATALOG_COMPILER_GLOBAL_ACCENT_COLOR_NAME = AccentColor;
				CODE_SIGN_STYLE = Automatic;
				CURRENT_PROJECT_VERSION = 1;
				DEVELOPMENT_TEAM = E5Y88KX65Q;
				ENABLE_PREVIEWS = YES;
				GENERATE_INFOPLIST_FILE = YES;
				INFOPLIST_KEY_UIApplicationSceneManifest_Generation = YES;
				INFOPLIST_KEY_UIApplicationSupportsIndirectInputEvents = YES;
				INFOPLIST_KEY_UILaunchScreen_Generation = YES;
				INFOPLIST_KEY_UISupportedInterfaceOrientations_iPad = "UIInterfaceOrientationPortrait UIInterfaceOrientationPortraitUpsideDown UIInterfaceOrientationLandscapeLeft UIInterfaceOrientationLandscapeRight";
				INFOPLIST_KEY_UISupportedInterfaceOrientations_iPhone = "UIInterfaceOrientationPortrait UIInterfaceOrientationLandscapeLeft UIInterfaceOrientationLandscapeRight";
				IPHONEOS_DEPLOYMENT_TARGET = 15.5;
				LD_RUNPATH_SEARCH_PATHS = (
					"$(inherited)",
					"@executable_path/Frameworks",
				);
				MARKETING_VERSION = 1.0;
				PRODUCT_BUNDLE_IDENTIFIER = com.example.TravelAdvisoriesApp;
				PRODUCT_NAME = TravelAdvisories;
				SDKROOT = iphoneos;
				SWIFT_EMIT_LOC_STRINGS = YES;
				SWIFT_VERSION = 5.0;
				TARGETED_DEVICE_FAMILY = "1,2";
			};
			name = Debug;
		};
		61C9EEF128CD3A9500ACDF3E /* Release */ = {
			isa = XCBuildConfiguration;
			buildSettings = {
				ASSETCATALOG_COMPILER_APPICON_NAME = AppIcon;
				ASSETCATALOG_COMPILER_GLOBAL_ACCENT_COLOR_NAME = AccentColor;
				CODE_SIGN_STYLE = Automatic;
				CURRENT_PROJECT_VERSION = 1;
				DEVELOPMENT_TEAM = E5Y88KX65Q;
				ENABLE_PREVIEWS = YES;
				GENERATE_INFOPLIST_FILE = YES;
				INFOPLIST_KEY_UIApplicationSceneManifest_Generation = YES;
				INFOPLIST_KEY_UIApplicationSupportsIndirectInputEvents = YES;
				INFOPLIST_KEY_UILaunchScreen_Generation = YES;
				INFOPLIST_KEY_UISupportedInterfaceOrientations_iPad = "UIInterfaceOrientationPortrait UIInterfaceOrientationPortraitUpsideDown UIInterfaceOrientationLandscapeLeft UIInterfaceOrientationLandscapeRight";
				INFOPLIST_KEY_UISupportedInterfaceOrientations_iPhone = "UIInterfaceOrientationPortrait UIInterfaceOrientationLandscapeLeft UIInterfaceOrientationLandscapeRight";
				IPHONEOS_DEPLOYMENT_TARGET = 15.5;
				LD_RUNPATH_SEARCH_PATHS = (
					"$(inherited)",
					"@executable_path/Frameworks",
				);
				MARKETING_VERSION = 1.0;
				PRODUCT_BUNDLE_IDENTIFIER = com.example.TravelAdvisoriesApp;
				PRODUCT_NAME = TravelAdvisories;
				SDKROOT = iphoneos;
				SWIFT_EMIT_LOC_STRINGS = YES;
				SWIFT_VERSION = 5.0;
				TARGETED_DEVICE_FAMILY = "1,2";
				VALIDATE_PRODUCT = YES;
			};
			name = Release;
		};
		61C9EEF328CD3A9500ACDF3E /* Debug */ = {
			isa = XCBuildConfiguration;
			buildSettings = {
				ASSETCATALOG_COMPILER_APPICON_NAME = AppIcon;
				ASSETCATALOG_COMPILER_GLOBAL_ACCENT_COLOR_NAME = AccentColor;
				CODE_SIGN_ENTITLEMENTS = macOS/macOS.entitlements;
				CODE_SIGN_IDENTITY = "-";
				CODE_SIGN_STYLE = Automatic;
				COMBINE_HIDPI_IMAGES = YES;
				CURRENT_PROJECT_VERSION = 1;
				DEAD_CODE_STRIPPING = YES;
				DEVELOPMENT_TEAM = E5Y88KX65Q;
				ENABLE_HARDENED_RUNTIME = YES;
				ENABLE_PREVIEWS = YES;
				GENERATE_INFOPLIST_FILE = YES;
				INFOPLIST_KEY_NSHumanReadableCopyright = "";
				LD_RUNPATH_SEARCH_PATHS = (
					"$(inherited)",
					"@executable_path/../Frameworks",
				);
				MACOSX_DEPLOYMENT_TARGET = 12.3;
				MARKETING_VERSION = 1.0;
				PRODUCT_BUNDLE_IDENTIFIER = com.example.DemoApp;
				PRODUCT_NAME = TravelAdvisories;
				SDKROOT = macosx;
				SWIFT_EMIT_LOC_STRINGS = YES;
				SWIFT_VERSION = 5.0;
			};
			name = Debug;
		};
		61C9EEF428CD3A9500ACDF3E /* Release */ = {
			isa = XCBuildConfiguration;
			buildSettings = {
				ASSETCATALOG_COMPILER_APPICON_NAME = AppIcon;
				ASSETCATALOG_COMPILER_GLOBAL_ACCENT_COLOR_NAME = AccentColor;
				CODE_SIGN_ENTITLEMENTS = macOS/macOS.entitlements;
				CODE_SIGN_IDENTITY = "-";
				CODE_SIGN_STYLE = Automatic;
				COMBINE_HIDPI_IMAGES = YES;
				CURRENT_PROJECT_VERSION = 1;
				DEAD_CODE_STRIPPING = YES;
				DEVELOPMENT_TEAM = E5Y88KX65Q;
				ENABLE_HARDENED_RUNTIME = YES;
				ENABLE_PREVIEWS = YES;
				GENERATE_INFOPLIST_FILE = YES;
				INFOPLIST_KEY_NSHumanReadableCopyright = "";
				LD_RUNPATH_SEARCH_PATHS = (
					"$(inherited)",
					"@executable_path/../Frameworks",
				);
				MACOSX_DEPLOYMENT_TARGET = 12.3;
				MARKETING_VERSION = 1.0;
				PRODUCT_BUNDLE_IDENTIFIER = com.example.DemoApp;
				PRODUCT_NAME = TravelAdvisories;
				SDKROOT = macosx;
				SWIFT_EMIT_LOC_STRINGS = YES;
				SWIFT_VERSION = 5.0;
			};
			name = Release;
		};
		61C9EEF628CD3A9500ACDF3E /* Debug */ = {
			isa = XCBuildConfiguration;
			buildSettings = {
				ALWAYS_EMBED_SWIFT_STANDARD_LIBRARIES = YES;
				CODE_SIGN_STYLE = Automatic;
				CURRENT_PROJECT_VERSION = 1;
				DEVELOPMENT_TEAM = E5Y88KX65Q;
				GENERATE_INFOPLIST_FILE = YES;
				IPHONEOS_DEPLOYMENT_TARGET = 15.5;
				MARKETING_VERSION = 1.0;
				PRODUCT_BUNDLE_IDENTIFIER = "com.example.Tests-iOS";
				PRODUCT_NAME = "$(TARGET_NAME)";
				SDKROOT = iphoneos;
				SWIFT_EMIT_LOC_STRINGS = NO;
				SWIFT_VERSION = 5.0;
				TARGETED_DEVICE_FAMILY = "1,2";
				TEST_TARGET_NAME = "DemoApp (iOS)";
			};
			name = Debug;
		};
		61C9EEF728CD3A9500ACDF3E /* Release */ = {
			isa = XCBuildConfiguration;
			buildSettings = {
				ALWAYS_EMBED_SWIFT_STANDARD_LIBRARIES = YES;
				CODE_SIGN_STYLE = Automatic;
				CURRENT_PROJECT_VERSION = 1;
				DEVELOPMENT_TEAM = E5Y88KX65Q;
				GENERATE_INFOPLIST_FILE = YES;
				IPHONEOS_DEPLOYMENT_TARGET = 15.5;
				MARKETING_VERSION = 1.0;
				PRODUCT_BUNDLE_IDENTIFIER = "com.example.Tests-iOS";
				PRODUCT_NAME = "$(TARGET_NAME)";
				SDKROOT = iphoneos;
				SWIFT_EMIT_LOC_STRINGS = NO;
				SWIFT_VERSION = 5.0;
				TARGETED_DEVICE_FAMILY = "1,2";
				TEST_TARGET_NAME = "DemoApp (iOS)";
				VALIDATE_PRODUCT = YES;
			};
			name = Release;
		};
		61C9EEF928CD3A9500ACDF3E /* Debug */ = {
			isa = XCBuildConfiguration;
			buildSettings = {
				ALWAYS_EMBED_SWIFT_STANDARD_LIBRARIES = YES;
				CODE_SIGN_STYLE = Automatic;
				CURRENT_PROJECT_VERSION = 1;
				DEAD_CODE_STRIPPING = YES;
				DEVELOPMENT_TEAM = E5Y88KX65Q;
				GENERATE_INFOPLIST_FILE = YES;
				MACOSX_DEPLOYMENT_TARGET = 12.3;
				MARKETING_VERSION = 1.0;
				PRODUCT_BUNDLE_IDENTIFIER = "com.example.Tests-macOS";
				PRODUCT_NAME = "$(TARGET_NAME)";
				SDKROOT = macosx;
				SWIFT_EMIT_LOC_STRINGS = NO;
				SWIFT_VERSION = 5.0;
				TEST_TARGET_NAME = "DemoApp (macOS)";
			};
			name = Debug;
		};
		61C9EEFA28CD3A9500ACDF3E /* Release */ = {
			isa = XCBuildConfiguration;
			buildSettings = {
				ALWAYS_EMBED_SWIFT_STANDARD_LIBRARIES = YES;
				CODE_SIGN_STYLE = Automatic;
				CURRENT_PROJECT_VERSION = 1;
				DEAD_CODE_STRIPPING = YES;
				DEVELOPMENT_TEAM = E5Y88KX65Q;
				GENERATE_INFOPLIST_FILE = YES;
				MACOSX_DEPLOYMENT_TARGET = 12.3;
				MARKETING_VERSION = 1.0;
				PRODUCT_BUNDLE_IDENTIFIER = "com.example.Tests-macOS";
				PRODUCT_NAME = "$(TARGET_NAME)";
				SDKROOT = macosx;
				SWIFT_EMIT_LOC_STRINGS = NO;
				SWIFT_VERSION = 5.0;
				TEST_TARGET_NAME = "DemoApp (macOS)";
			};
			name = Release;
		};
/* End XCBuildConfiguration section */

/* Begin XCConfigurationList section */
		61C9EEBD28CD3A9400ACDF3E /* Build configuration list for PBXProject "TravelAdvisories" */ = {
			isa = XCConfigurationList;
			buildConfigurations = (
				61C9EEED28CD3A9500ACDF3E /* Debug */,
				61C9EEEE28CD3A9500ACDF3E /* Release */,
			);
			defaultConfigurationIsVisible = 0;
			defaultConfigurationName = Release;
		};
		61C9EEEF28CD3A9500ACDF3E /* Build configuration list for PBXNativeTarget "TravelAdvisories (iOS)" */ = {
			isa = XCConfigurationList;
			buildConfigurations = (
				61C9EEF028CD3A9500ACDF3E /* Debug */,
				61C9EEF128CD3A9500ACDF3E /* Release */,
			);
			defaultConfigurationIsVisible = 0;
			defaultConfigurationName = Release;
		};
		61C9EEF228CD3A9500ACDF3E /* Build configuration list for PBXNativeTarget "TravelAdvisories (macOS)" */ = {
			isa = XCConfigurationList;
			buildConfigurations = (
				61C9EEF328CD3A9500ACDF3E /* Debug */,
				61C9EEF428CD3A9500ACDF3E /* Release */,
			);
			defaultConfigurationIsVisible = 0;
			defaultConfigurationName = Release;
		};
		61C9EEF528CD3A9500ACDF3E /* Build configuration list for PBXNativeTarget "Tests iOS" */ = {
			isa = XCConfigurationList;
			buildConfigurations = (
				61C9EEF628CD3A9500ACDF3E /* Debug */,
				61C9EEF728CD3A9500ACDF3E /* Release */,
			);
			defaultConfigurationIsVisible = 0;
			defaultConfigurationName = Release;
		};
		61C9EEF828CD3A9500ACDF3E /* Build configuration list for PBXNativeTarget "Tests macOS" */ = {
			isa = XCConfigurationList;
			buildConfigurations = (
				61C9EEF928CD3A9500ACDF3E /* Debug */,
				61C9EEFA28CD3A9500ACDF3E /* Release */,
			);
			defaultConfigurationIsVisible = 0;
			defaultConfigurationName = Release;
		};
/* End XCConfigurationList section */

/* Begin XCSwiftPackageProductDependency section */
		61030A0D290841BB007BEF5A /* ViewModels */ = {
			isa = XCSwiftPackageProductDependency;
			productName = ViewModels;
		};
		61030A102908444D007BEF5A /* Repositories */ = {
			isa = XCSwiftPackageProductDependency;
			productName = Repositories;
		};
		610A3CAE28EF16E000C8C4D1 /* Feature */ = {
			isa = XCSwiftPackageProductDependency;
			productName = Feature;
		};
		613871AF290849A000FA9C38 /* Logic */ = {
			isa = XCSwiftPackageProductDependency;
			productName = Logic;
		};
		61A7892628D6625F009170DF /* BusinessLogic */ = {
			isa = XCSwiftPackageProductDependency;
			productName = BusinessLogic;
		};
		61A7892828D6625F009170DF /* DomainModels */ = {
			isa = XCSwiftPackageProductDependency;
			productName = DomainModels;
		};
		61A7892A28D6625F009170DF /* Interfaces */ = {
			isa = XCSwiftPackageProductDependency;
			productName = Interfaces;
		};
		61A7892C28D6625F009170DF /* UIComponents */ = {
			isa = XCSwiftPackageProductDependency;
			productName = UIComponents;
		};
		61A7892E28D6625F009170DF /* Utils */ = {
			isa = XCSwiftPackageProductDependency;
			productName = Utils;
		};
		61A7893128D7453C009170DF /* NetworkLogic */ = {
			isa = XCSwiftPackageProductDependency;
			productName = NetworkLogic;
		};
/* End XCSwiftPackageProductDependency section */
	};
	rootObject = 61C9EEBA28CD3A9400ACDF3E /* Project object */;
}
